
Microsoft Visual Studio Solution File, Format Version 12.00
# Visual Studio Version 17
VisualStudioVersion = 17.10.35004.147
MinimumVisualStudioVersion = 10.0.40219.1
Project("{FAE04EC0-301F-11D3-BF4B-00C04F79EFBC}") = "Interfaz1.1", "Interfaz1.1\Interfaz1.1.csproj", "{29BB3ADE-BE05-4EB5-8F4A-6AE41618F352}"
EndProject
Global
	GlobalSection(SolutionConfigurationPlatforms) = preSolution
		Debug|Any CPU = Debug|Any CPU
		Release|Any CPU = Release|Any CPU
	EndGlobalSection
	GlobalSection(ProjectConfigurationPlatforms) = postSolution
		{29BB3ADE-BE05-4EB5-8F4A-6AE41618F352}.Debug|Any CPU.ActiveCfg = Debug|Any CPU
		{29BB3ADE-BE05-4EB5-8F4A-6AE41618F352}.Debug|Any CPU.Build.0 = Debug|Any CPU
		{29BB3ADE-BE05-4EB5-8F4A-6AE41618F352}.Release|Any CPU.ActiveCfg = Release|Any CPU
		{29BB3ADE-BE05-4EB5-8F4A-6AE41618F352}.Release|Any CPU.Build.0 = Release|Any CPU
	EndGlobalSection
	GlobalSection(SolutionProperties) = preSolution
		HideSolutionNode = FALSE
	EndGlobalSection
	GlobalSection(ExtensibilityGlobals) = postSolution
		SolutionGuid = {26551D06-1294-4D2E-9C67-7AEEDB819337}
	EndGlobalSection
EndGlobal
